
Microsoft Visual Studio Solution File, Format Version 12.00
# Visual Studio Version 16
VisualStudioVersion = 16.0.30011.22
MinimumVisualStudioVersion = 10.0.40219.1
Project("{FAE04EC0-301F-11D3-BF4B-00C04F79EFBC}") = "CPUThrottling", "CPUThrottling\CPUThrottling.csproj", "{9F432064-1E95-482C-816F-F8154921611F}"
EndProject
Global
	GlobalSection(SolutionConfigurationPlatforms) = preSolution
		Debug|Any CPU = Debug|Any CPU
		Release|Any CPU = Release|Any CPU
	EndGlobalSection
	GlobalSection(ProjectConfigurationPlatforms) = postSolution
		{9F432064-1E95-482C-816F-F8154921611F}.Debug|Any CPU.ActiveCfg = Debug|Any CPU
		{9F432064-1E95-482C-816F-F8154921611F}.Debug|Any CPU.Build.0 = Debug|Any CPU
		{9F432064-1E95-482C-816F-F8154921611F}.Release|Any CPU.ActiveCfg = Release|Any CPU
		{9F432064-1E95-482C-816F-F8154921611F}.Release|Any CPU.Build.0 = Release|Any CPU
	EndGlobalSection
	GlobalSection(SolutionProperties) = preSolution
		HideSolutionNode = FALSE
	EndGlobalSection
	GlobalSection(ExtensibilityGlobals) = postSolution
		SolutionGuid = {6D4A8D54-F22C-4972-82B6-635F7148E614}
	EndGlobalSection
EndGlobal
